
Microsoft Visual Studio Solution File, Format Version 12.00
# Visual Studio Version 17
VisualStudioVersion = 17.14.37314.3
MinimumVisualStudioVersion = 10.0.40219.1
Project("{FAE04EC0-301F-11D3-BF4B-00C04F79EFBC}") = "DigitalBankingPlatform", "DigitalBankingPlatform\DigitalBankingPlatform.csproj", "{AE549D45-61E8-40C8-BEEE-D2624BA5E80A}"
EndProject
Project("{2150E333-8FDC-42A3-9474-1A3956D46DE8}") = "App", "App", "{02EA681E-C7D8-13C7-8484-4AC65E1B71E8}"
EndProject
Project("{2150E333-8FDC-42A3-9474-1A3956D46DE8}") = "Shared Library", "Shared Library", "{A9567FF7-6507-4686-BB82-A99DEA682192}"
EndProject
Project("{2150E333-8FDC-42A3-9474-1A3956D46DE8}") = "Api Message", "Api Message", "{E0DED7E1-0A0D-49A1-8FFC-5D22E86C6812}"
EndProject
Project("{2150E333-8FDC-42A3-9474-1A3956D46DE8}") = "Application", "Application", "{187A462C-902B-4AB5-AAC0-F01509868F56}"
EndProject
Project("{2150E333-8FDC-42A3-9474-1A3956D46DE8}") = "Domain", "Domain", "{766651FD-A98D-4567-800A-0333259E95BD}"
EndProject
Project("{2150E333-8FDC-42A3-9474-1A3956D46DE8}") = "Infrastucture", "Infrastucture", "{74AE12C2-2932-4874-BC88-7AA1FF164523}"
EndProject
Project("{FAE04EC0-301F-11D3-BF4B-00C04F79EFBC}") = "Application", "Application\Application.csproj", "{8F13098F-C9ED-4A51-BF78-05E0FFB85BED}"
EndProject
Project("{FAE04EC0-301F-11D3-BF4B-00C04F79EFBC}") = "Domain", "Domain\Domain.csproj", "{9091EAD2-E931-44CC-A4DA-8CE72F8F96B3}"
EndProject
Project("{FAE04EC0-301F-11D3-BF4B-00C04F79EFBC}") = "Infrastructure", "Infrastructure\Infrastructure.csproj", "{1D4DDE20-E99A-413F-A66D-9B081C740504}"
EndProject
Project("{FAE04EC0-301F-11D3-BF4B-00C04F79EFBC}") = "ApiMessage", "ApiMessage\ApiMessage.csproj", "{C8D8492F-74D9-4468-8926-6158E69A684E}"
EndProject
Project("{2150E333-8FDC-42A3-9474-1A3956D46DE8}") = "Frontend", "Frontend", "{1A4ECC89-56BC-4DDD-BFEF-0E06B7FDCA46}"
EndProject
Project("{FAE04EC0-301F-11D3-BF4B-00C04F79EFBC}") = "DigiWeb", "DigiWeb\DigiWeb.csproj", "{4753EB2E-2E4E-4808-900A-8CB2CC4BC2BE}"
EndProject
Global
	GlobalSection(SolutionConfigurationPlatforms) = preSolution
		Debug|Any CPU = Debug|Any CPU
		Release|Any CPU = Release|Any CPU
	EndGlobalSection
	GlobalSection(ProjectConfigurationPlatforms) = postSolution
		{AE549D45-61E8-40C8-BEEE-D2624BA5E80A}.Debug|Any CPU.ActiveCfg = Debug|Any CPU
		{AE549D45-61E8-40C8-BEEE-D2624BA5E80A}.Debug|Any CPU.Build.0 = Debug|Any CPU
		{AE549D45-61E8-40C8-BEEE-D2624BA5E80A}.Release|Any CPU.ActiveCfg = Release|Any CPU
		{AE549D45-61E8-40C8-BEEE-D2624BA5E80A}.Release|Any CPU.Build.0 = Release|Any CPU
		{8F13098F-C9ED-4A51-BF78-05E0FFB85BED}.Debug|Any CPU.ActiveCfg = Debug|Any CPU
		{8F13098F-C9ED-4A51-BF78-05E0FFB85BED}.Debug|Any CPU.Build.0 = Debug|Any CPU
		{8F13098F-C9ED-4A51-BF78-05E0FFB85BED}.Release|Any CPU.ActiveCfg = Release|Any CPU
		{8F13098F-C9ED-4A51-BF78-05E0FFB85BED}.Release|Any CPU.Build.0 = Release|Any CPU
		{9091EAD2-E931-44CC-A4DA-8CE72F8F96B3}.Debug|Any CPU.ActiveCfg = Debug|Any CPU
		{9091EAD2-E931-44CC-A4DA-8CE72F8F96B3}.Debug|Any CPU.Build.0 = Debug|Any CPU
		{9091EAD2-E931-44CC-A4DA-8CE72F8F96B3}.Release|Any CPU.ActiveCfg = Release|Any CPU
		{9091EAD2-E931-44CC-A4DA-8CE72F8F96B3}.Release|Any CPU.Build.0 = Release|Any CPU
		{1D4DDE20-E99A-413F-A66D-9B081C740504}.Debug|Any CPU.ActiveCfg = Debug|Any CPU
		{1D4DDE20-E99A-413F-A66D-9B081C740504}.Debug|Any CPU.Build.0 = Debug|Any CPU
		{1D4DDE20-E99A-413F-A66D-9B081C740504}.Release|Any CPU.ActiveCfg = Release|Any CPU
		{1D4DDE20-E99A-413F-A66D-9B081C740504}.Release|Any CPU.Build.0 = Release|Any CPU
		{C8D8492F-74D9-4468-8926-6158E69A684E}.Debug|Any CPU.ActiveCfg = Debug|Any CPU
		{C8D8492F-74D9-4468-8926-6158E69A684E}.Debug|Any CPU.Build.0 = Debug|Any CPU
		{C8D8492F-74D9-4468-8926-6158E69A684E}.Release|Any CPU.ActiveCfg = Release|Any CPU
		{C8D8492F-74D9-4468-8926-6158E69A684E}.Release|Any CPU.Build.0 = Release|Any CPU
		{4753EB2E-2E4E-4808-900A-8CB2CC4BC2BE}.Debug|Any CPU.ActiveCfg = Debug|Any CPU
		{4753EB2E-2E4E-4808-900A-8CB2CC4BC2BE}.Debug|Any CPU.Build.0 = Debug|Any CPU
		{4753EB2E-2E4E-4808-900A-8CB2CC4BC2BE}.Release|Any CPU.ActiveCfg = Release|Any CPU
		{4753EB2E-2E4E-4808-900A-8CB2CC4BC2BE}.Release|Any CPU.Build.0 = Release|Any CPU
	EndGlobalSection
	GlobalSection(SolutionProperties) = preSolution
		HideSolutionNode = FALSE
	EndGlobalSection
	GlobalSection(NestedProjects) = preSolution
		{AE549D45-61E8-40C8-BEEE-D2624BA5E80A} = {02EA681E-C7D8-13C7-8484-4AC65E1B71E8}
		{E0DED7E1-0A0D-49A1-8FFC-5D22E86C6812} = {A9567FF7-6507-4686-BB82-A99DEA682192}
		{187A462C-902B-4AB5-AAC0-F01509868F56} = {A9567FF7-6507-4686-BB82-A99DEA682192}
		{766651FD-A98D-4567-800A-0333259E95BD} = {A9567FF7-6507-4686-BB82-A99DEA682192}
		{74AE12C2-2932-4874-BC88-7AA1FF164523} = {A9567FF7-6507-4686-BB82-A99DEA682192}
		{8F13098F-C9ED-4A51-BF78-05E0FFB85BED} = {187A462C-902B-4AB5-AAC0-F01509868F56}
		{9091EAD2-E931-44CC-A4DA-8CE72F8F96B3} = {766651FD-A98D-4567-800A-0333259E95BD}
		{1D4DDE20-E99A-413F-A66D-9B081C740504} = {74AE12C2-2932-4874-BC88-7AA1FF164523}
		{C8D8492F-74D9-4468-8926-6158E69A684E} = {E0DED7E1-0A0D-49A1-8FFC-5D22E86C6812}
		{4753EB2E-2E4E-4808-900A-8CB2CC4BC2BE} = {1A4ECC89-56BC-4DDD-BFEF-0E06B7FDCA46}
	EndGlobalSection
	GlobalSection(ExtensibilityGlobals) = postSolution
		SolutionGuid = {143511F2-40ED-4A33-BDA9-4133A31BE713}
	EndGlobalSection
EndGlobal
